Microsoft Visual Studio Solution File, Format Version 12.00
# Visual Studio Version 17
VisualStudioVersion = 17.12.35506.116 d17.12
MinimumVisualStudioVersion = 10.0.40219.1
Project("{FAE04EC0-301F-11D3-BF4B-00C04F79EFBC}") = "AspireAppNet9.AppHost", "AspireAppNet9.AppHost\AspireAppNet9.AppHost.csproj", "{1A1C7274-2963-4075-99A4-77293570DD7F}"
EndProject
Project("{FAE04EC0-301F-11D3-BF4B-00C04F79EFBC}") = "AspireAppNet9.ServiceDefaults", "AspireAppNet9.ServiceDefaults\AspireAppNet9.ServiceDefaults.csproj", "{CEA4270F-D1BF-4752-96B9-7C89018EBC45}"
EndProject
Project("{FAE04EC0-301F-11D3-BF4B-00C04F79EFBC}") = "AspireAppNet9.ApiService", "AspireAppNet9.ApiService\AspireAppNet9.ApiService.csproj", "{5B010D4C-5CCF-472F-B02C-1B5B79B1AC63}"
EndProject
Project("{FAE04EC0-301F-11D3-BF4B-00C04F79EFBC}") = "AspireAppNet9.Web", "AspireAppNet9.Web\AspireAppNet9.Web.csproj", "{5E8029DD-C7A7-4FAB-9807-8F740FB20779}"
EndProject
Project("{FAE04EC0-301F-11D3-BF4B-00C04F79EFBC}") = "AspireAppNet9.Tests", "AspireAppNet9.Tests\AspireAppNet9.Tests.csproj", "{C7C8BFD4-601F-4743-83C9-9E926F2A85F8}"
EndProject
Global
	GlobalSection(SolutionConfigurationPlatforms) = preSolution
		Debug|Any CPU = Debug|Any CPU
		Release|Any CPU = Release|Any CPU
	EndGlobalSection
	GlobalSection(ProjectConfigurationPlatforms) = postSolution
		{1A1C7274-2963-4075-99A4-77293570DD7F}.Debug|Any CPU.ActiveCfg = Debug|Any CPU
		{1A1C7274-2963-4075-99A4-77293570DD7F}.Debug|Any CPU.Build.0 = Debug|Any CPU
		{1A1C7274-2963-4075-99A4-77293570DD7F}.Release|Any CPU.ActiveCfg = Release|Any CPU
		{1A1C7274-2963-4075-99A4-77293570DD7F}.Release|Any CPU.Build.0 = Release|Any CPU
		{CEA4270F-D1BF-4752-96B9-7C89018EBC45}.Debug|Any CPU.ActiveCfg = Debug|Any CPU
		{CEA4270F-D1BF-4752-96B9-7C89018EBC45}.Debug|Any CPU.Build.0 = Debug|Any CPU
		{CEA4270F-D1BF-4752-96B9-7C89018EBC45}.Release|Any CPU.ActiveCfg = Release|Any CPU
		{CEA4270F-D1BF-4752-96B9-7C89018EBC45}.Release|Any CPU.Build.0 = Release|Any CPU
		{5B010D4C-5CCF-472F-B02C-1B5B79B1AC63}.Debug|Any CPU.ActiveCfg = Debug|Any CPU
		{5B010D4C-5CCF-472F-B02C-1B5B79B1AC63}.Debug|Any CPU.Build.0 = Debug|Any CPU
		{5B010D4C-5CCF-472F-B02C-1B5B79B1AC63}.Release|Any CPU.ActiveCfg = Release|Any CPU
		{5B010D4C-5CCF-472F-B02C-1B5B79B1AC63}.Release|Any CPU.Build.0 = Release|Any CPU
		{5E8029DD-C7A7-4FAB-9807-8F740FB20779}.Debug|Any CPU.ActiveCfg = Debug|Any CPU
		{5E8029DD-C7A7-4FAB-9807-8F740FB20779}.Debug|Any CPU.Build.0 = Debug|Any CPU
		{5E8029DD-C7A7-4FAB-9807-8F740FB20779}.Release|Any CPU.ActiveCfg = Release|Any CPU
		{5E8029DD-C7A7-4FAB-9807-8F740FB20779}.Release|Any CPU.Build.0 = Release|Any CPU
		{C7C8BFD4-601F-4743-83C9-9E926F2A85F8}.Debug|Any CPU.ActiveCfg = Debug|Any CPU
		{C7C8BFD4-601F-4743-83C9-9E926F2A85F8}.Debug|Any CPU.Build.0 = Debug|Any CPU
		{C7C8BFD4-601F-4743-83C9-9E926F2A85F8}.Release|Any CPU.ActiveCfg = Release|Any CPU
		{C7C8BFD4-601F-4743-83C9-9E926F2A85F8}.Release|Any CPU.Build.0 = Release|Any CPU
	EndGlobalSection
	GlobalSection(SolutionProperties) = preSolution
		HideSolutionNode = FALSE
	EndGlobalSection
EndGlobal
